
Microsoft Visual Studio Solution File, Format Version 12.00
# Visual Studio Version 17
VisualStudioVersion = 17.9.34714.143
MinimumVisualStudioVersion = 10.0.40219.1
Project("{8BC9CEB8-8B4A-11D0-8D11-00A0C91BC942}") = "Sandbox", "Sandbox\Sandbox.vcxproj", "{7E1D465B-4B9E-408A-B5BE-4821FC67F709}"
EndProject
Project("{8BC9CEB8-8B4A-11D0-8D11-00A0C91BC942}") = "Raquette", "Raquette\Raquette.vcxproj", "{7DF3DF61-CB55-4810-A238-762CC3721967}"
EndProject
Global
	GlobalSection(SolutionConfigurationPlatforms) = preSolution
		Debug|x64 = Debug|x64
		Release|x64 = Release|x64
	EndGlobalSection
	GlobalSection(ProjectConfigurationPlatforms) = postSolution
		{7DF3DF61-CB55-4810-A238-762CC3721967}.Debug|x64.ActiveCfg = Debug|x64
		{7DF3DF61-CB55-4810-A238-762CC3721967}.Debug|x64.Build.0 = Debug|x64
		{7DF3DF61-CB55-4810-A238-762CC3721967}.Release|x64.ActiveCfg = Release|x64
		{7DF3DF61-CB55-4810-A238-762CC3721967}.Release|x64.Build.0 = Release|x64
		{7E1D465B-4B9E-408A-B5BE-4821FC67F709}.Debug|x64.ActiveCfg = Debug|x64
		{7E1D465B-4B9E-408A-B5BE-4821FC67F709}.Debug|x64.Build.0 = Debug|x64
		{7E1D465B-4B9E-408A-B5BE-4821FC67F709}.Release|x64.ActiveCfg = Release|x64
		{7E1D465B-4B9E-408A-B5BE-4821FC67F709}.Release|x64.Build.0 = Release|x64
	EndGlobalSection
	GlobalSection(SolutionProperties) = preSolution
		HideSolutionNode = FALSE
	EndGlobalSection
	GlobalSection(ExtensibilityGlobals) = postSolution
		SolutionGuid = {7B9BEF5D-475A-4890-92A8-ADB2A9EE31EB}
	EndGlobalSection
EndGlobal
